
Microsoft Visual Studio Solution File, Format Version 12.00
# Visual Studio Version 17
VisualStudioVersion = 17.0.31903.59
MinimumVisualStudioVersion = 10.0.40219.1
Project("{2150E333-8FDC-42A3-9474-1A3956D46DE8}") = "src", "src", "{827E0CD3-B72D-47B6-A68D-7590B98EB39B}"
EndProject
Project("{FAE04EC0-301F-11D3-BF4B-00C04F79EFBC}") = "NellisScanner.Core", "src\NellisScanner.Core\NellisScanner.Core.csproj", "{6E8635BD-642B-41CE-AC99-51182EF20A9C}"
EndProject
Project("{FAE04EC0-301F-11D3-BF4B-00C04F79EFBC}") = "NellisScanner.Web", "src\NellisScanner.Web\NellisScanner.Web.csproj", "{8A17B464-3339-40C3-91C0-51413FE6395C}"
EndProject
Project("{FAE04EC0-301F-11D3-BF4B-00C04F79EFBC}") = "NellisScanner.Core.Tests", "src\NellisScanner.Core.Tests\NellisScanner.Core.Tests.csproj", "{780E93AE-0859-47BB-A134-CC06A9B0ED21}"
EndProject
Global
	GlobalSection(SolutionConfigurationPlatforms) = preSolution
		Debug|Any CPU = Debug|Any CPU
		Debug|x64 = Debug|x64
		Debug|x86 = Debug|x86
		Release|Any CPU = Release|Any CPU
		Release|x64 = Release|x64
		Release|x86 = Release|x86
	EndGlobalSection
	GlobalSection(ProjectConfigurationPlatforms) = postSolution
		{6E8635BD-642B-41CE-AC99-51182EF20A9C}.Debug|Any CPU.ActiveCfg = Debug|Any CPU
		{6E8635BD-642B-41CE-AC99-51182EF20A9C}.Debug|Any CPU.Build.0 = Debug|Any CPU
		{6E8635BD-642B-41CE-AC99-51182EF20A9C}.Debug|x64.ActiveCfg = Debug|Any CPU
		{6E8635BD-642B-41CE-AC99-51182EF20A9C}.Debug|x64.Build.0 = Debug|Any CPU
		{6E8635BD-642B-41CE-AC99-51182EF20A9C}.Debug|x86.ActiveCfg = Debug|Any CPU
		{6E8635BD-642B-41CE-AC99-51182EF20A9C}.Debug|x86.Build.0 = Debug|Any CPU
		{6E8635BD-642B-41CE-AC99-51182EF20A9C}.Release|Any CPU.ActiveCfg = Release|Any CPU
		{6E8635BD-642B-41CE-AC99-51182EF20A9C}.Release|Any CPU.Build.0 = Release|Any CPU
		{6E8635BD-642B-41CE-AC99-51182EF20A9C}.Release|x64.ActiveCfg = Release|Any CPU
		{6E8635BD-642B-41CE-AC99-51182EF20A9C}.Release|x64.Build.0 = Release|Any CPU
		{6E8635BD-642B-41CE-AC99-51182EF20A9C}.Release|x86.ActiveCfg = Release|Any CPU
		{6E8635BD-642B-41CE-AC99-51182EF20A9C}.Release|x86.Build.0 = Release|Any CPU
		{8A17B464-3339-40C3-91C0-51413FE6395C}.Debug|Any CPU.ActiveCfg = Debug|Any CPU
		{8A17B464-3339-40C3-91C0-51413FE6395C}.Debug|Any CPU.Build.0 = Debug|Any CPU
		{8A17B464-3339-40C3-91C0-51413FE6395C}.Debug|x64.ActiveCfg = Debug|Any CPU
		{8A17B464-3339-40C3-91C0-51413FE6395C}.Debug|x64.Build.0 = Debug|Any CPU
		{8A17B464-3339-40C3-91C0-51413FE6395C}.Debug|x86.ActiveCfg = Debug|Any CPU
		{8A17B464-3339-40C3-91C0-51413FE6395C}.Debug|x86.Build.0 = Debug|Any CPU
		{8A17B464-3339-40C3-91C0-51413FE6395C}.Release|Any CPU.ActiveCfg = Release|Any CPU
		{8A17B464-3339-40C3-91C0-51413FE6395C}.Release|Any CPU.Build.0 = Release|Any CPU
		{8A17B464-3339-40C3-91C0-51413FE6395C}.Release|x64.ActiveCfg = Release|Any CPU
		{8A17B464-3339-40C3-91C0-51413FE6395C}.Release|x64.Build.0 = Release|Any CPU
		{8A17B464-3339-40C3-91C0-51413FE6395C}.Release|x86.ActiveCfg = Release|Any CPU
		{8A17B464-3339-40C3-91C0-51413FE6395C}.Release|x86.Build.0 = Release|Any CPU
		{780E93AE-0859-47BB-A134-CC06A9B0ED21}.Debug|Any CPU.ActiveCfg = Debug|Any CPU
		{780E93AE-0859-47BB-A134-CC06A9B0ED21}.Debug|Any CPU.Build.0 = Debug|Any CPU
		{780E93AE-0859-47BB-A134-CC06A9B0ED21}.Debug|x64.ActiveCfg = Debug|Any CPU
		{780E93AE-0859-47BB-A134-CC06A9B0ED21}.Debug|x64.Build.0 = Debug|Any CPU
		{780E93AE-0859-47BB-A134-CC06A9B0ED21}.Debug|x86.ActiveCfg = Debug|Any CPU
		{780E93AE-0859-47BB-A134-CC06A9B0ED21}.Debug|x86.Build.0 = Debug|Any CPU
		{780E93AE-0859-47BB-A134-CC06A9B0ED21}.Release|Any CPU.ActiveCfg = Release|Any CPU
		{780E93AE-0859-47BB-A134-CC06A9B0ED21}.Release|Any CPU.Build.0 = Release|Any CPU
		{780E93AE-0859-47BB-A134-CC06A9B0ED21}.Release|x64.ActiveCfg = Release|Any CPU
		{780E93AE-0859-47BB-A134-CC06A9B0ED21}.Release|x64.Build.0 = Release|Any CPU
		{780E93AE-0859-47BB-A134-CC06A9B0ED21}.Release|x86.ActiveCfg = Release|Any CPU
		{780E93AE-0859-47BB-A134-CC06A9B0ED21}.Release|x86.Build.0 = Release|Any CPU
	EndGlobalSection
	GlobalSection(SolutionProperties) = preSolution
		HideSolutionNode = FALSE
	EndGlobalSection
	GlobalSection(NestedProjects) = preSolution
		{6E8635BD-642B-41CE-AC99-51182EF20A9C} = {827E0CD3-B72D-47B6-A68D-7590B98EB39B}
		{8A17B464-3339-40C3-91C0-51413FE6395C} = {827E0CD3-B72D-47B6-A68D-7590B98EB39B}
		{780E93AE-0859-47BB-A134-CC06A9B0ED21} = {827E0CD3-B72D-47B6-A68D-7590B98EB39B}
	EndGlobalSection
EndGlobal
